<Solution>
  <Folder Name="/Solution Items/">
    <File Path=".editorconfig" />
    <File Path=".gitattributes" />
    <File Path=".gitignore" />
    <File Path="AGENTS.md" />
    <File Path="Directory.Build.props" />
    <File Path="Directory.Packages.props" />
    <File Path="global.json" />
  </Folder>
  <Project Path="Viewer.Core/Viewer.Core.csproj" />
  <Project Path="Viewer.Core.Tests/Viewer.Core.Tests.csproj" />
</Solution>
